
Microsoft Visual Studio Solution File, Format Version 12.00
# Visual Studio 15
VisualStudioVersion = 15.0.28010.2050
MinimumVisualStudioVersion = 10.0.40219.1
Project("{D954291E-2A0B-460D-934E-DC6B0785DB48}") = "MyHibernateUtil", "MyHibernateUtil.shproj", "{E4A5E227-4DBF-4589-BCB0-C91E51E6848B}"
EndProject
Global
	GlobalSection(SharedMSBuildProjectFiles) = preSolution
		MyHibernateUtil.projitems*{e4a5e227-4dbf-4589-bcb0-c91e51e6848b}*SharedItemsImports = 13
	EndGlobalSection
	GlobalSection(SolutionProperties) = preSolution
		HideSolutionNode = FALSE
	EndGlobalSection
	GlobalSection(ExtensibilityGlobals) = postSolution
		SolutionGuid = {5E5E789D-56DA-4D41-99FE-FBA54B3D022D}
	EndGlobalSection
EndGlobal
